
Microsoft Visual Studio Solution File, Format Version 12.00
# Visual Studio 2013
VisualStudioVersion = 12.0.30501.0
MinimumVisualStudioVersion = 10.0.40219.1
Project("{581633EB-B896-402F-8E60-36F3DA191C85}") = "SearchLdapObject", "SearchLdapObject\SearchLdapObject.lsxtproj", "{8F20CDFB-66A9-4227-8E01-83346187268C}"
EndProject
Project("{FAE04EC0-301F-11D3-BF4B-00C04F79EFBC}") = "SearchLdapObject.Server", "SearchLdapObject\SearchLdapObject.Server\SearchLdapObject.Server.csproj", "{CEA81DC6-C383-4D83-8DF6-F43EFBD6BA88}"
EndProject
Project("{262852C6-CD72-467D-83FE-5EEB1973A190}") = "SearchLdapObject.HTMLClient", "SearchLdapObject\SearchLdapObject.HTMLClient\SearchLdapObject.HTMLClient.jsproj", "{9F2E210A-85D1-4587-BC07-1D80BAF549F0}"
EndProject
Global
	GlobalSection(TeamFoundationVersionControl) = preSolution
		SccNumberOfProjects = 4
		SccEnterpriseProvider = {4CA58AB2-18FA-4F8D-95D4-32DDF27D184C}
		SccTeamFoundationServer = https://dfch.visualstudio.com/defaultcollection
		SccLocalPath0 = .
		SccProjectUniqueName1 = SearchLdapObject\\SearchLdapObject.HTMLClient\\SearchLdapObject.HTMLClient.jsproj
		SccProjectName1 = SearchLdapObject/SearchLdapObject.HTMLClient
		SccLocalPath1 = SearchLdapObject\\SearchLdapObject.HTMLClient
		SccProjectUniqueName2 = SearchLdapObject\\SearchLdapObject.lsxtproj
		SccProjectName2 = SearchLdapObject
		SccLocalPath2 = SearchLdapObject
		SccProjectUniqueName3 = SearchLdapObject\\SearchLdapObject.Server\\SearchLdapObject.Server.csproj
		SccProjectName3 = SearchLdapObject/SearchLdapObject.Server
		SccLocalPath3 = SearchLdapObject\\SearchLdapObject.Server
	EndGlobalSection
	GlobalSection(SolutionConfigurationPlatforms) = preSolution
		Debug|Any CPU = Debug|Any CPU
		Release|Any CPU = Release|Any CPU
	EndGlobalSection
	GlobalSection(ProjectConfigurationPlatforms) = postSolution
		{8F20CDFB-66A9-4227-8E01-83346187268C}.Debug|Any CPU.ActiveCfg = Debug|Any CPU
		{8F20CDFB-66A9-4227-8E01-83346187268C}.Debug|Any CPU.Build.0 = Debug|Any CPU
		{8F20CDFB-66A9-4227-8E01-83346187268C}.Release|Any CPU.ActiveCfg = Release|Any CPU
		{8F20CDFB-66A9-4227-8E01-83346187268C}.Release|Any CPU.Build.0 = Release|Any CPU
		{CEA81DC6-C383-4D83-8DF6-F43EFBD6BA88}.Debug|Any CPU.ActiveCfg = Debug|Any CPU
		{CEA81DC6-C383-4D83-8DF6-F43EFBD6BA88}.Debug|Any CPU.Build.0 = Debug|Any CPU
		{CEA81DC6-C383-4D83-8DF6-F43EFBD6BA88}.Release|Any CPU.ActiveCfg = Release|Any CPU
		{CEA81DC6-C383-4D83-8DF6-F43EFBD6BA88}.Release|Any CPU.Build.0 = Release|Any CPU
		{9F2E210A-85D1-4587-BC07-1D80BAF549F0}.Debug|Any CPU.ActiveCfg = Debug|Any CPU
		{9F2E210A-85D1-4587-BC07-1D80BAF549F0}.Debug|Any CPU.Build.0 = Debug|Any CPU
		{9F2E210A-85D1-4587-BC07-1D80BAF549F0}.Release|Any CPU.ActiveCfg = Release|Any CPU
		{9F2E210A-85D1-4587-BC07-1D80BAF549F0}.Release|Any CPU.Build.0 = Release|Any CPU
	EndGlobalSection
	GlobalSection(SolutionProperties) = preSolution
		HideSolutionNode = FALSE
	EndGlobalSection
EndGlobal
